
Microsoft Visual Studio Solution File, Format Version 12.00
# Visual Studio 15
VisualStudioVersion = 15.0.28307.645
MinimumVisualStudioVersion = 10.0.40219.1
Project("{8BC9CEB8-8B4A-11D0-8D11-00A0C91BC942}") = "PyRunSimpleStringFlagsDumperMetin2", "PyRunSimpleStringFlagsDumperMetin2\PyRunSimpleStringFlagsDumperMetin2.vcxproj", "{C96D59AD-AA40-4C0F-8457-FD032D6004BF}"
EndProject
Global
	GlobalSection(SolutionConfigurationPlatforms) = preSolution
		Debug|x64 = Debug|x64
		Debug|x86 = Debug|x86
		Release|x64 = Release|x64
		Release|x86 = Release|x86
	EndGlobalSection
	GlobalSection(ProjectConfigurationPlatforms) = postSolution
		{C96D59AD-AA40-4C0F-8457-FD032D6004BF}.Debug|x64.ActiveCfg = Debug|x64
		{C96D59AD-AA40-4C0F-8457-FD032D6004BF}.Debug|x64.Build.0 = Debug|x64
		{C96D59AD-AA40-4C0F-8457-FD032D6004BF}.Debug|x86.ActiveCfg = Debug|Win32
		{C96D59AD-AA40-4C0F-8457-FD032D6004BF}.Debug|x86.Build.0 = Debug|Win32
		{C96D59AD-AA40-4C0F-8457-FD032D6004BF}.Release|x64.ActiveCfg = Release|x64
		{C96D59AD-AA40-4C0F-8457-FD032D6004BF}.Release|x64.Build.0 = Release|x64
		{C96D59AD-AA40-4C0F-8457-FD032D6004BF}.Release|x86.ActiveCfg = Release|Win32
		{C96D59AD-AA40-4C0F-8457-FD032D6004BF}.Release|x86.Build.0 = Release|Win32
	EndGlobalSection
	GlobalSection(SolutionProperties) = preSolution
		HideSolutionNode = FALSE
	EndGlobalSection
	GlobalSection(ExtensibilityGlobals) = postSolution
		SolutionGuid = {F326D816-7DE0-4FC4-842E-D6A15DDE2FAD}
	EndGlobalSection
EndGlobal
